
Microsoft Visual Studio Solution File, Format Version 12.00
# Visual Studio Version 17
VisualStudioVersion = 17.14.36603.0 d17.14
MinimumVisualStudioVersion = 10.0.40219.1
Project("{FAE04EC0-301F-11D3-BF4B-00C04F79EFBC}") = "WebAppState", "WebAppState\WebAppState.csproj", "{F83A7230-037A-4B1C-8F7C-0CC0230D5AB4}"
EndProject
Global
	GlobalSection(SolutionConfigurationPlatforms) = preSolution
		Debug|Any CPU = Debug|Any CPU
		Release|Any CPU = Release|Any CPU
	EndGlobalSection
	GlobalSection(ProjectConfigurationPlatforms) = postSolution
		{F83A7230-037A-4B1C-8F7C-0CC0230D5AB4}.Debug|Any CPU.ActiveCfg = Debug|Any CPU
		{F83A7230-037A-4B1C-8F7C-0CC0230D5AB4}.Debug|Any CPU.Build.0 = Debug|Any CPU
		{F83A7230-037A-4B1C-8F7C-0CC0230D5AB4}.Release|Any CPU.ActiveCfg = Release|Any CPU
		{F83A7230-037A-4B1C-8F7C-0CC0230D5AB4}.Release|Any CPU.Build.0 = Release|Any CPU
	EndGlobalSection
	GlobalSection(SolutionProperties) = preSolution
		HideSolutionNode = FALSE
	EndGlobalSection
	GlobalSection(ExtensibilityGlobals) = postSolution
		SolutionGuid = {2A3A033F-3221-430E-86EE-AD3F13AF9233}
	EndGlobalSection
EndGlobal
